# THIS IS AN AUTOGENERATED FILE. DO NOT EDIT THIS FILE DIRECTLY.
# yarn lockfile v1


"@types/app-root-path@^1.2.4":
  version "1.2.4"
  resolved "https://registry.yarnpkg.com/@types/app-root-path/-/app-root-path-1.2.4.tgz#a78b703282b32ac54de768f5512ecc3569919dc7"
  integrity sha1-p4twMoKzKsVN52j1US7MNWmRncc=

"@types/node@^14.14.30":
  version "14.14.30"
  resolved "https://registry.yarnpkg.com/@types/node/-/node-14.14.30.tgz#7d5162eec085ba34f8cb9011e9ba12119f76f961"
  integrity sha512-gUWhy8s45fQp4PqqKecsnOkdW0kt1IaKjgOIR3HPokkzTmQj9ji2wWFID5THu1MKrtO+d4s2lVrlEhXUsPXSvg==

"@types/validator@^13.1.3":
  version "13.1.3"
  resolved "https://registry.yarnpkg.com/@types/validator/-/validator-13.1.3.tgz#366b394aa3fbeed2392bf0a20ded606fa4a3d35e"
  integrity sha512-DaOWN1zf7j+8nHhqXhIgNmS+ltAC53NXqGxYuBhWqWgqolRhddKzfZU814lkHQSTG0IUfQxU7Cg0gb8fFWo2mA==

app-root-path@^3.0.0:
  version "3.0.0"
  resolved "https://registry.yarnpkg.com/app-root-path/-/app-root-path-3.0.0.tgz#210b6f43873227e18a4b810a032283311555d5ad"
  integrity sha512-qMcx+Gy2UZynHjOHOIXPNvpf+9cjvk3cWrBBK7zg4gH9+clobJRb9NGzcT7mQTcV/6Gm/1WelUtqxVXnNlrwcw==

prettier-plugin-organize-imports@^1.1.1:
  version "1.1.1"
  resolved "https://registry.yarnpkg.com/prettier-plugin-organize-imports/-/prettier-plugin-organize-imports-1.1.1.tgz#7f1ac1a13d4d1752dc16881894dde1c10ccbf3c0"
  integrity sha512-rFA1lnek1FYkMGthm4xBKME41qUKItTovuo24bCGZu/Vu1n3gW71UPLAkIdwewwkZCe29gRVweSOPXvAdckFuw==

prettier-plugin-package@^1.3.0:
  version "1.3.0"
  resolved "https://registry.yarnpkg.com/prettier-plugin-package/-/prettier-plugin-package-1.3.0.tgz#b42d12eda16b67c9fcf95054d799fe3f542aef54"
  integrity sha512-KPNHR/Jm2zTevBp1SnjzMnooO1BOQW2bixVbOp8flOJoW+dxdDwEncObfsKZdkjwrv6AIH4oWqm5EO/etDmK9Q==

prettier@^2.2.1:
  version "2.2.1"
  resolved "https://registry.yarnpkg.com/prettier/-/prettier-2.2.1.tgz#795a1a78dd52f073da0cd42b21f9c91381923ff5"
  integrity sha512-PqyhM2yCjg/oKkFPtTGUojv7gnZAoG80ttl45O6x2Ug/rMJw4wcc9k6aaf2hibP7BGVCCM33gZoGjyvt9mm16Q==

typescript@^4.1.5:
  version "4.1.5"
  resolved "https://registry.yarnpkg.com/typescript/-/typescript-4.1.5.tgz#123a3b214aaff3be32926f0d8f1f6e704eb89a72"
  integrity sha512-6OSu9PTIzmn9TCDiovULTnET6BgXtDYL4Gg4szY+cGsc3JP1dQL8qvE8kShTRx1NIw4Q9IBHlwODjkjWEtMUyA==

validator@^13.5.2:
  version "13.5.2"
  resolved "https://registry.yarnpkg.com/validator/-/validator-13.5.2.tgz#c97ae63ed4224999fb6f42c91eaca9567fe69a46"
  integrity sha512-mD45p0rvHVBlY2Zuy3F3ESIe1h5X58GPfAtslBjY7EtTqGquZTj+VX/J4RnHWN8FKq0C9WRVt1oWAcytWRuYLQ==
